
Microsoft Visual Studio Solution File, Format Version 12.00
# Visual Studio Version 17
VisualStudioVersion = 17.13.35931.197 d17.13
MinimumVisualStudioVersion = 10.0.40219.1
Project("{FAE04EC0-301F-11D3-BF4B-00C04F79EFBC}") = "JsonWebTocken", "JsonWebTocken.csproj", "{84AB7976-9ED9-4912-AA30-3D30262EBF5D}"
EndProject
Global
	GlobalSection(SolutionConfigurationPlatforms) = preSolution
		Debug|Any CPU = Debug|Any CPU
		Release|Any CPU = Release|Any CPU
	EndGlobalSection
	GlobalSection(ProjectConfigurationPlatforms) = postSolution
		{84AB7976-9ED9-4912-AA30-3D30262EBF5D}.Debug|Any CPU.ActiveCfg = Debug|Any CPU
		{84AB7976-9ED9-4912-AA30-3D30262EBF5D}.Debug|Any CPU.Build.0 = Debug|Any CPU
		{84AB7976-9ED9-4912-AA30-3D30262EBF5D}.Release|Any CPU.ActiveCfg = Release|Any CPU
		{84AB7976-9ED9-4912-AA30-3D30262EBF5D}.Release|Any CPU.Build.0 = Release|Any CPU
	EndGlobalSection
	GlobalSection(SolutionProperties) = preSolution
		HideSolutionNode = FALSE
	EndGlobalSection
	GlobalSection(ExtensibilityGlobals) = postSolution
		SolutionGuid = {8EEB611F-0EFB-4016-851F-E0C1BB10628C}
	EndGlobalSection
EndGlobal
